{
  "nodes": {
    "blank": {
      "locked": {
        "lastModified": 1625557891,
        "narHash": "sha256-O8/MWsPBGhhyPoPLHZAuoZiiHo9q6FLlEeIDEXuj6T4=",
        "owner": "divnix",
        "repo": "blank",
        "rev": "5a5d2684073d9f563072ed07c871d577a6c614a8",
        "type": "github"
      },
      "original": {
        "owner": "divnix",
        "repo": "blank",
        "type": "github"
      }
    },
    "blank_2": {
      "locked": {
        "lastModified": 1625557891,
        "narHash": "sha256-O8/MWsPBGhhyPoPLHZAuoZiiHo9q6FLlEeIDEXuj6T4=",
        "owner": "divnix",
        "repo": "blank",
        "rev": "5a5d2684073d9f563072ed07c871d577a6c614a8",
        "type": "github"
      },
      "original": {
        "owner": "divnix",
        "repo": "blank",
        "type": "github"
      }
    },
    "call-flake": {
      "locked": {
        "lastModified": 1687380775,
        "narHash": "sha256-bmhE1TmrJG4ba93l9WQTLuYM53kwGQAjYHRvHOeuxWU=",
        "owner": "divnix",
        "repo": "call-flake",
        "rev": "74061f6c241227cd05e79b702db9a300a2e4131a",
        "type": "github"
      },
      "original": {
        "owner": "divnix",
        "repo": "call-flake",
        "type": "github"
      }
    },
    "call-flake_2": {
      "locked": {
        "lastModified": 1687380775,
        "narHash": "sha256-bmhE1TmrJG4ba93l9WQTLuYM53kwGQAjYHRvHOeuxWU=",
        "owner": "divnix",
        "repo": "call-flake",
        "rev": "74061f6c241227cd05e79b702db9a300a2e4131a",
        "type": "github"
      },
      "original": {
        "owner": "divnix",
        "repo": "call-flake",
        "type": "github"
      }
    },
    "colmena": {
      "locked": {
        "lastModified": 1625557891,
        "narHash": "sha256-O8/MWsPBGhhyPoPLHZAuoZiiHo9q6FLlEeIDEXuj6T4=",
        "owner": "divnix",
        "repo": "blank",
        "rev": "5a5d2684073d9f563072ed07c871d577a6c614a8",
        "type": "github"
      },
      "original": {
        "owner": "divnix",
        "repo": "blank",
        "type": "github"
      }
    },
    "devshell": {
      "inputs": {
        "nixpkgs": [
          "hive",
          "nixpkgs"
        ],
        "systems": "systems"
      },
      "locked": {
        "lastModified": 1694435990,
        "narHash": "sha256-yLQPD2eZGepu3yvdwABXrR3GhAqWRWTj9rn3a4knYuk=",
        "owner": "numtide",
        "repo": "devshell",
        "rev": "f6aec2e8b1cdddcab10ce7fc2eac66886e3deaad",
        "type": "github"
      },
      "original": {
        "owner": "numtide",
        "repo": "devshell",
        "type": "github"
      }
    },
    "disko": {
      "inputs": {
        "nixpkgs": "nixpkgs"
      },
      "locked": {
        "lastModified": 1706302763,
        "narHash": "sha256-Le1wk75qlzOSfzDk8vqYxSdoEyr/ORIbMhziltVNGYw=",
        "owner": "nix-community",
        "repo": "disko",
        "rev": "f7424625dc1f2e4eceac3009cbd1203d566feebc",
        "type": "github"
      },
      "original": {
        "owner": "nix-community",
        "repo": "disko",
        "type": "github"
      }
    },
    "dmerge": {
      "inputs": {
        "haumea": [
          "hive",
          "std",
          "haumea"
        ],
        "nixlib": [
          "hive",
          "std",
          "lib"
        ],
        "yants": [
          "hive",
          "std",
          "yants"
        ]
      },
      "locked": {
        "lastModified": 1686862774,
        "narHash": "sha256-ojGtRQ9pIOUrxsQEuEPerUkqIJEuod9hIflfNkY+9CE=",
        "owner": "divnix",
        "repo": "dmerge",
        "rev": "9f7f7a8349d33d7bd02e0f2b484b1f076e503a96",
        "type": "github"
      },
      "original": {
        "owner": "divnix",
        "ref": "0.2.1",
        "repo": "dmerge",
        "type": "github"
      }
    },
    "dmerge_2": {
      "inputs": {
        "haumea": [
          "std",
          "haumea"
        ],
        "nixlib": [
          "std",
          "lib"
        ],
        "yants": [
          "std",
          "yants"
        ]
      },
      "locked": {
        "lastModified": 1686862774,
        "narHash": "sha256-ojGtRQ9pIOUrxsQEuEPerUkqIJEuod9hIflfNkY+9CE=",
        "owner": "divnix",
        "repo": "dmerge",
        "rev": "9f7f7a8349d33d7bd02e0f2b484b1f076e503a96",
        "type": "github"
      },
      "original": {
        "owner": "divnix",
        "ref": "0.2.1",
        "repo": "dmerge",
        "type": "github"
      }
    },
    "fenix": {
      "inputs": {
        "nixpkgs": "nixpkgs_2",
        "rust-analyzer-src": "rust-analyzer-src"
      },
      "locked": {
        "lastModified": 1706422804,
        "narHash": "sha256-+ypK8QbE9RBe0sK4lAM4+8H4K85BB3BsDKMD7WbykBU=",
        "owner": "nix-community",
        "repo": "fenix",
        "rev": "ce6fec88804dfd11e610cfd04333c23abeae80a8",
        "type": "github"
      },
      "original": {
        "owner": "nix-community",
        "repo": "fenix",
        "type": "github"
      }
    },
    "flake-utils": {
      "locked": {
        "lastModified": 1653893745,
        "narHash": "sha256-0jntwV3Z8//YwuOjzhV2sgJJPt+HY6KhU7VZUL0fKZQ=",
        "owner": "numtide",
        "repo": "flake-utils",
        "rev": "1ed9fb1935d260de5fe1c2f7ee0ebaae17ed2fa1",
        "type": "github"
      },
      "original": {
        "owner": "numtide",
        "repo": "flake-utils",
        "type": "github"
      }
    },
    "haumea": {
      "inputs": {
        "nixpkgs": [
          "hive",
          "std",
          "lib"
        ]
      },
      "locked": {
        "lastModified": 1685133229,
        "narHash": "sha256-FePm/Gi9PBSNwiDFq3N+DWdfxFq0UKsVVTJS3cQPn94=",
        "owner": "nix-community",
        "repo": "haumea",
        "rev": "34dd58385092a23018748b50f9b23de6266dffc2",
        "type": "github"
      },
      "original": {
        "owner": "nix-community",
        "ref": "v0.2.2",
        "repo": "haumea",
        "type": "github"
      }
    },
    "haumea_2": {
      "inputs": {
        "nixpkgs": [
          "std",
          "lib"
        ]
      },
      "locked": {
        "lastModified": 1685133229,
        "narHash": "sha256-FePm/Gi9PBSNwiDFq3N+DWdfxFq0UKsVVTJS3cQPn94=",
        "owner": "nix-community",
        "repo": "haumea",
        "rev": "34dd58385092a23018748b50f9b23de6266dffc2",
        "type": "github"
      },
      "original": {
        "owner": "nix-community",
        "ref": "v0.2.2",
        "repo": "haumea",
        "type": "github"
      }
    },
    "hive": {
      "inputs": {
        "colmena": "colmena",
        "devshell": "devshell",
        "nixago": "nixago",
        "nixpkgs": "nixpkgs_3",
        "paisano": [
          "hive",
          "std",
          "paisano"
        ],
        "std": "std"
      },
      "locked": {
        "lastModified": 1705513593,
        "narHash": "sha256-PWs34BbShXg93jGjv8bVgZgKhu2tu0g/9BTYLjBeu/c=",
        "owner": "divnix",
        "repo": "hive",
        "rev": "57481ccd435ee5218b08c4c65b0cd5721445accd",
        "type": "github"
      },
      "original": {
        "owner": "divnix",
        "repo": "hive",
        "type": "github"
      }
    },
    "home-manager": {
      "inputs": {
        "nixpkgs": "nixpkgs_4"
      },
      "locked": {
        "lastModified": 1706435589,
        "narHash": "sha256-yhEYJxMv5BkfmUuNe4QELKo+V5eq1pwhtVs6kEziHfE=",
        "owner": "nix-community",
        "repo": "home-manager",
        "rev": "4d54c29bce71f8c261513e0662cc573d30f3e33e",
        "type": "github"
      },
      "original": {
        "owner": "nix-community",
        "repo": "home-manager",
        "type": "github"
      }
    },
    "incl": {
      "inputs": {
        "nixlib": [
          "hive",
          "std",
          "lib"
        ]
      },
      "locked": {
        "lastModified": 1669263024,
        "narHash": "sha256-E/+23NKtxAqYG/0ydYgxlgarKnxmDbg6rCMWnOBqn9Q=",
        "owner": "divnix",
        "repo": "incl",
        "rev": "ce7bebaee048e4cd7ebdb4cee7885e00c4e2abca",
        "type": "github"
      },
      "original": {
        "owner": "divnix",
        "repo": "incl",
        "type": "github"
      }
    },
    "incl_2": {
      "inputs": {
        "nixlib": [
          "std",
          "lib"
        ]
      },
      "locked": {
        "lastModified": 1669263024,
        "narHash": "sha256-E/+23NKtxAqYG/0ydYgxlgarKnxmDbg6rCMWnOBqn9Q=",
        "owner": "divnix",
        "repo": "incl",
        "rev": "ce7bebaee048e4cd7ebdb4cee7885e00c4e2abca",
        "type": "github"
      },
      "original": {
        "owner": "divnix",
        "repo": "incl",
        "type": "github"
      }
    },
    "lib": {
      "locked": {
        "lastModified": 1694306727,
        "narHash": "sha256-26fkTOJOI65NOTNKFvtcJF9mzzf/kK9swHzfYt1Dl6Q=",
        "owner": "nix-community",
        "repo": "nixpkgs.lib",
        "rev": "c30b6a84c0b84ec7aecbe74466033facc9ed103f",
        "type": "github"
      },
      "original": {
        "owner": "nix-community",
        "repo": "nixpkgs.lib",
        "type": "github"
      }
    },
    "lib_2": {
      "locked": {
        "lastModified": 1694306727,
        "narHash": "sha256-26fkTOJOI65NOTNKFvtcJF9mzzf/kK9swHzfYt1Dl6Q=",
        "owner": "nix-community",
        "repo": "nixpkgs.lib",
        "rev": "c30b6a84c0b84ec7aecbe74466033facc9ed103f",
        "type": "github"
      },
      "original": {
        "owner": "nix-community",
        "repo": "nixpkgs.lib",
        "type": "github"
      }
    },
    "nixago": {
      "inputs": {
        "flake-utils": "flake-utils",
        "nixago-exts": [
          "hive"
        ],
        "nixpkgs": [
          "hive",
          "nixpkgs"
        ]
      },
      "locked": {
        "lastModified": 1687381756,
        "narHash": "sha256-IUMIlYfrvj7Yli4H2vvyig8HEPpfCeMaE6+kBGPzFyk=",
        "owner": "nix-community",
        "repo": "nixago",
        "rev": "dacceb10cace103b3e66552ec9719fa0d33c0dc9",
        "type": "github"
      },
      "original": {
        "owner": "nix-community",
        "repo": "nixago",
        "type": "github"
      }
    },
    "nixlib": {
      "locked": {
        "lastModified": 1693701915,
        "narHash": "sha256-waHPLdDYUOHSEtMKKabcKIMhlUOHPOOPQ9UyFeEoovs=",
        "owner": "nix-community",
        "repo": "nixpkgs.lib",
        "rev": "f5af57d3ef9947a70ac86e42695231ac1ad00c25",
        "type": "github"
      },
      "original": {
        "owner": "nix-community",
        "repo": "nixpkgs.lib",
        "type": "github"
      }
    },
    "nixos-generators": {
      "inputs": {
        "nixlib": "nixlib",
        "nixpkgs": "nixpkgs_5"
      },
      "locked": {
        "lastModified": 1706085261,
        "narHash": "sha256-7PgpHRHyShINcqgevPP1fJ6N8kM5ZSOJnk3QZBrOCQ0=",
        "owner": "nix-community",
        "repo": "nixos-generators",
        "rev": "896f6589db5b25023b812bbb6c1f5d3a499b1132",
        "type": "github"
      },
      "original": {
        "owner": "nix-community",
        "repo": "nixos-generators",
        "type": "github"
      }
    },
    "nixpkgs": {
      "locked": {
        "lastModified": 1706173671,
        "narHash": "sha256-lciR7kQUK2FCAYuszyd7zyRRmTaXVeoZsCyK6QFpGdk=",
        "owner": "NixOS",
        "repo": "nixpkgs",
        "rev": "4fddc9be4eaf195d631333908f2a454b03628ee5",
        "type": "github"
      },
      "original": {
        "owner": "NixOS",
        "ref": "nixpkgs-unstable",
        "repo": "nixpkgs",
        "type": "github"
      }
    },
    "nixpkgs-mozilla": {
      "locked": {
        "lastModified": 1704373101,
        "narHash": "sha256-+gi59LRWRQmwROrmE1E2b3mtocwueCQqZ60CwLG+gbg=",
        "owner": "mozilla",
        "repo": "nixpkgs-mozilla",
        "rev": "9b11a87c0cc54e308fa83aac5b4ee1816d5418a2",
        "type": "github"
      },
      "original": {
        "owner": "mozilla",
        "repo": "nixpkgs-mozilla",
        "type": "github"
      }
    },
    "nixpkgs_2": {
      "locked": {
        "lastModified": 1706191920,
        "narHash": "sha256-eLihrZAPZX0R6RyM5fYAWeKVNuQPYjAkCUBr+JNvtdE=",
        "owner": "nixos",
        "repo": "nixpkgs",
        "rev": "ae5c332cbb5827f6b1f02572496b141021de335f",
        "type": "github"
      },
      "original": {
        "owner": "nixos",
        "ref": "nixos-unstable",
        "repo": "nixpkgs",
        "type": "github"
      }
    },
    "nixpkgs_3": {
      "locked": {
        "lastModified": 1675940568,
        "narHash": "sha256-epG6pOT9V0kS+FUqd7R6/CWkgnZx2DMT5Veqo+y6G3c=",
        "owner": "nixos",
        "repo": "nixpkgs",
        "rev": "6ccc4a59c3f1b56d039d93da52696633e641bc71",
        "type": "github"
      },
      "original": {
        "owner": "nixos",
        "ref": "nixpkgs-unstable",
        "repo": "nixpkgs",
        "type": "github"
      }
    },
    "nixpkgs_4": {
      "locked": {
        "lastModified": 1706191920,
        "narHash": "sha256-eLihrZAPZX0R6RyM5fYAWeKVNuQPYjAkCUBr+JNvtdE=",
        "owner": "NixOS",
        "repo": "nixpkgs",
        "rev": "ae5c332cbb5827f6b1f02572496b141021de335f",
        "type": "github"
      },
      "original": {
        "owner": "NixOS",
        "ref": "nixos-unstable",
        "repo": "nixpkgs",
        "type": "github"
      }
    },
    "nixpkgs_5": {
      "locked": {
        "lastModified": 1693714546,
        "narHash": "sha256-3EMJZeGSZT6pD1eNwI/6Yc0R4rxklNvJ2SDFcsCnjpM=",
        "owner": "NixOS",
        "repo": "nixpkgs",
        "rev": "d816b5ab44187a2dd84806630ce77a733724f95f",
        "type": "github"
      },
      "original": {
        "owner": "NixOS",
        "ref": "nixpkgs-unstable",
        "repo": "nixpkgs",
        "type": "github"
      }
    },
    "nixpkgs_6": {
      "locked": {
        "lastModified": 1706451851,
        "narHash": "sha256-WaVhjgbmOVbPUdiA8etBSRZIHGY2u6MgvbMEeqtGUa8=",
        "owner": "nixos",
        "repo": "nixpkgs",
        "rev": "0ed21f3b09508075bac2014c3baaa2ee7c9a851a",
        "type": "github"
      },
      "original": {
        "owner": "nixos",
        "repo": "nixpkgs",
        "type": "github"
      }
    },
    "nixpkgs_7": {
      "locked": {
        "lastModified": 1675940568,
        "narHash": "sha256-epG6pOT9V0kS+FUqd7R6/CWkgnZx2DMT5Veqo+y6G3c=",
        "owner": "nixos",
        "repo": "nixpkgs",
        "rev": "6ccc4a59c3f1b56d039d93da52696633e641bc71",
        "type": "github"
      },
      "original": {
        "owner": "nixos",
        "ref": "nixpkgs-unstable",
        "repo": "nixpkgs",
        "type": "github"
      }
    },
    "nosys": {
      "locked": {
        "lastModified": 1668010795,
        "narHash": "sha256-JBDVBnos8g0toU7EhIIqQ1If5m/nyBqtHhL3sicdPwI=",
        "owner": "divnix",
        "repo": "nosys",
        "rev": "feade0141487801c71ff55623b421ed535dbdefa",
        "type": "github"
      },
      "original": {
        "owner": "divnix",
        "repo": "nosys",
        "type": "github"
      }
    },
    "nosys_2": {
      "locked": {
        "lastModified": 1668010795,
        "narHash": "sha256-JBDVBnos8g0toU7EhIIqQ1If5m/nyBqtHhL3sicdPwI=",
        "owner": "divnix",
        "repo": "nosys",
        "rev": "feade0141487801c71ff55623b421ed535dbdefa",
        "type": "github"
      },
      "original": {
        "owner": "divnix",
        "repo": "nosys",
        "type": "github"
      }
    },
    "nur": {
      "locked": {
        "lastModified": 1706449462,
        "narHash": "sha256-Rudhy/zg1Bk0fLnCeCgmmIDj7K4w3pRRV5EJ10p5Hl4=",
        "owner": "nix-community",
        "repo": "nur",
        "rev": "082e6f72dc501e9d01df29b5241f3a182476a945",
        "type": "github"
      },
      "original": {
        "owner": "nix-community",
        "repo": "nur",
        "type": "github"
      }
    },
    "paisano": {
      "inputs": {
        "call-flake": "call-flake",
        "nixpkgs": [
          "hive",
          "std",
          "nixpkgs"
        ],
        "nosys": "nosys",
        "yants": [
          "hive",
          "std",
          "yants"
        ]
      },
      "locked": {
        "lastModified": 1693982790,
        "narHash": "sha256-WTZYlqGUjzzz/PSzcvjEZz2kkwYSXObjeQVrFBaqa2Y=",
        "owner": "paisano-nix",
        "repo": "core",
        "rev": "3e897a19418361ece34841105122ed4f9379ca96",
        "type": "github"
      },
      "original": {
        "owner": "paisano-nix",
        "repo": "core",
        "type": "github"
      }
    },
    "paisano-tui": {
      "flake": false,
      "locked": {
        "lastModified": 1694014205,
        "narHash": "sha256-u0+T6vMznzfjDMUd01ZXQsrQPMEhMjrQwUPTFsPBR1k=",
        "owner": "paisano-nix",
        "repo": "tui",
        "rev": "587ab9fd07bd969d59df73bfe527b5f8a4e752d1",
        "type": "github"
      },
      "original": {
        "owner": "paisano-nix",
        "ref": "0.2.0",
        "repo": "tui",
        "type": "github"
      }
    },
    "paisano-tui_2": {
      "flake": false,
      "locked": {
        "lastModified": 1694014205,
        "narHash": "sha256-u0+T6vMznzfjDMUd01ZXQsrQPMEhMjrQwUPTFsPBR1k=",
        "owner": "paisano-nix",
        "repo": "tui",
        "rev": "587ab9fd07bd969d59df73bfe527b5f8a4e752d1",
        "type": "github"
      },
      "original": {
        "owner": "paisano-nix",
        "ref": "0.2.0",
        "repo": "tui",
        "type": "github"
      }
    },
    "paisano_2": {
      "inputs": {
        "call-flake": "call-flake_2",
        "nixpkgs": [
          "std",
          "nixpkgs"
        ],
        "nosys": "nosys_2",
        "yants": [
          "std",
          "yants"
        ]
      },
      "locked": {
        "lastModified": 1693982790,
        "narHash": "sha256-WTZYlqGUjzzz/PSzcvjEZz2kkwYSXObjeQVrFBaqa2Y=",
        "owner": "paisano-nix",
        "repo": "core",
        "rev": "3e897a19418361ece34841105122ed4f9379ca96",
        "type": "github"
      },
      "original": {
        "owner": "paisano-nix",
        "repo": "core",
        "type": "github"
      }
    },
    "root": {
      "inputs": {
        "disko": "disko",
        "fenix": "fenix",
        "hive": "hive",
        "home-manager": "home-manager",
        "nixos-generators": "nixos-generators",
        "nixpkgs": "nixpkgs_6",
        "nixpkgs-mozilla": "nixpkgs-mozilla",
        "nur": "nur",
        "std": "std_2",
        "user.js": "user.js"
      }
    },
    "rust-analyzer-src": {
      "flake": false,
      "locked": {
        "lastModified": 1706352756,
        "narHash": "sha256-6K5rK1b2APQfXOrC+Hm+0QcyfPVt+TV81Q6Fd/QjMlQ=",
        "owner": "rust-lang",
        "repo": "rust-analyzer",
        "rev": "7219414e81810fd4d967136c4a0650523892c157",
        "type": "github"
      },
      "original": {
        "owner": "rust-lang",
        "ref": "nightly",
        "repo": "rust-analyzer",
        "type": "github"
      }
    },
    "std": {
      "inputs": {
        "arion": [
          "hive",
          "std",
          "blank"
        ],
        "blank": "blank",
        "devshell": [
          "hive",
          "devshell"
        ],
        "dmerge": "dmerge",
        "haumea": "haumea",
        "incl": "incl",
        "lib": "lib",
        "makes": [
          "hive",
          "std",
          "blank"
        ],
        "microvm": [
          "hive",
          "std",
          "blank"
        ],
        "n2c": [
          "hive",
          "std",
          "blank"
        ],
        "nixago": [
          "hive",
          "nixago"
        ],
        "nixpkgs": [
          "hive",
          "nixpkgs"
        ],
        "paisano": "paisano",
        "paisano-tui": "paisano-tui",
        "terranix": [
          "hive",
          "std",
          "blank"
        ],
        "yants": "yants"
      },
      "locked": {
        "lastModified": 1694815542,
        "narHash": "sha256-VxKm6oq3GeVIhrhrCBTGIomxqesWmjsDiOeYiKmrzrY=",
        "owner": "divnix",
        "repo": "std",
        "rev": "0ce59ac671f041183da72e7cd5db9c6eb878e326",
        "type": "github"
      },
      "original": {
        "owner": "divnix",
        "repo": "std",
        "type": "github"
      }
    },
    "std_2": {
      "inputs": {
        "arion": [
          "std",
          "blank"
        ],
        "blank": "blank_2",
        "devshell": [
          "std",
          "blank"
        ],
        "dmerge": "dmerge_2",
        "haumea": "haumea_2",
        "incl": "incl_2",
        "lib": "lib_2",
        "makes": [
          "std",
          "blank"
        ],
        "microvm": [
          "std",
          "blank"
        ],
        "n2c": [
          "std",
          "blank"
        ],
        "nixago": [
          "std",
          "blank"
        ],
        "nixpkgs": "nixpkgs_7",
        "paisano": "paisano_2",
        "paisano-tui": "paisano-tui_2",
        "terranix": [
          "std",
          "blank"
        ],
        "yants": "yants_2"
      },
      "locked": {
        "lastModified": 1704734081,
        "narHash": "sha256-h9h5163j6bmDS07HbcaVHt64XoLNOfyTFN/o53ceN/I=",
        "owner": "divnix",
        "repo": "std",
        "rev": "5ce7c9411337af3cb299bc9b6cc0dc88f4c1ee0e",
        "type": "github"
      },
      "original": {
        "owner": "divnix",
        "repo": "std",
        "type": "github"
      }
    },
    "systems": {
      "locked": {
        "lastModified": 1681028828,
        "narHash": "sha256-Vy1rq5AaRuLzOxct8nz4T6wlgyUR7zLU309k9mBC768=",
        "owner": "nix-systems",
        "repo": "default",
        "rev": "da67096a3b9bf56a91d16901293e51ba5b49a27e",
        "type": "github"
      },
      "original": {
        "owner": "nix-systems",
        "repo": "default",
        "type": "github"
      }
    },
    "user.js": {
      "flake": false,
      "locked": {
        "lastModified": 1700833105,
        "narHash": "sha256-8mxKaA0yGx29X+E0ahCjsGXSc29I1+5timNP6cJHGM0=",
        "owner": "arkenfox",
        "repo": "user.js",
        "rev": "4a510a4b4ceda8a177831a77309f2faccf7e18d5",
        "type": "github"
      },
      "original": {
        "owner": "arkenfox",
        "repo": "user.js",
        "type": "github"
      }
    },
    "yants": {
      "inputs": {
        "nixpkgs": [
          "hive",
          "std",
          "lib"
        ]
      },
      "locked": {
        "lastModified": 1686863218,
        "narHash": "sha256-kooxYm3/3ornWtVBNHM3Zh020gACUyFX2G0VQXnB+mk=",
        "owner": "divnix",
        "repo": "yants",
        "rev": "8f0da0dba57149676aa4817ec0c880fbde7a648d",
        "type": "github"
      },
      "original": {
        "owner": "divnix",
        "repo": "yants",
        "type": "github"
      }
    },
    "yants_2": {
      "inputs": {
        "nixpkgs": [
          "std",
          "lib"
        ]
      },
      "locked": {
        "lastModified": 1686863218,
        "narHash": "sha256-kooxYm3/3ornWtVBNHM3Zh020gACUyFX2G0VQXnB+mk=",
        "owner": "divnix",
        "repo": "yants",
        "rev": "8f0da0dba57149676aa4817ec0c880fbde7a648d",
        "type": "github"
      },
      "original": {
        "owner": "divnix",
        "repo": "yants",
        "type": "github"
      }
    }
  },
  "root": "root",
  "version": 7
}
